
Microsoft Visual Studio Solution File, Format Version 12.00
# Visual Studio Version 16
VisualStudioVersion = 16.0.30523.141
MinimumVisualStudioVersion = 10.0.40219.1
Project("{FAE04EC0-301F-11D3-BF4B-00C04F79EFBC}") = "CarSales.VehicleManagement.API", "CarSales.VehicleManagement.API\CarSales.VehicleManagement.API.csproj", "{59F9E014-889A-4FF6-97E9-7CD1551578AA}"
EndProject
Project("{2150E333-8FDC-42A3-9474-1A3956D46DE8}") = "API", "API", "{117297F3-7BD9-40C4-B62B-2E5DCC629503}"
EndProject
Project("{2150E333-8FDC-42A3-9474-1A3956D46DE8}") = "Domain", "Domain", "{2E0DD9D0-449E-42EE-9DBF-3F09F0C72439}"
EndProject
Project("{2150E333-8FDC-42A3-9474-1A3956D46DE8}") = "DATA", "DATA", "{4733C3CD-54EC-4CED-AAEA-9EEC984CEB6A}"
EndProject
Project("{FAE04EC0-301F-11D3-BF4B-00C04F79EFBC}") = "CarSales.VehicleManagement.API.Tests.Unit", "CarSales.VehicleManagement.API.Tests.Unit\CarSales.VehicleManagement.API.Tests.Unit.csproj", "{B2C3044C-F7B4-421F-BEB1-08B911FD329F}"
EndProject
Project("{FAE04EC0-301F-11D3-BF4B-00C04F79EFBC}") = "CarSales.VehicleManagement.DATA", "CarSales.VehicleManagement.DATA\CarSales.VehicleManagement.DATA.csproj", "{225EE4D3-EAE0-4042-B62E-575D0A36BD68}"
EndProject
Project("{FAE04EC0-301F-11D3-BF4B-00C04F79EFBC}") = "CarSales.VehicleManagement.Domain", "CarSales.VehicleManagement.Domain\CarSales.VehicleManagement.Domain.csproj", "{29F2700B-C473-4F32-A250-036DA656037E}"
EndProject
Global
	GlobalSection(SolutionConfigurationPlatforms) = preSolution
		Debug|Any CPU = Debug|Any CPU
		Release|Any CPU = Release|Any CPU
	EndGlobalSection
	GlobalSection(ProjectConfigurationPlatforms) = postSolution
		{59F9E014-889A-4FF6-97E9-7CD1551578AA}.Debug|Any CPU.ActiveCfg = Debug|Any CPU
		{59F9E014-889A-4FF6-97E9-7CD1551578AA}.Debug|Any CPU.Build.0 = Debug|Any CPU
		{59F9E014-889A-4FF6-97E9-7CD1551578AA}.Release|Any CPU.ActiveCfg = Release|Any CPU
		{59F9E014-889A-4FF6-97E9-7CD1551578AA}.Release|Any CPU.Build.0 = Release|Any CPU
		{B2C3044C-F7B4-421F-BEB1-08B911FD329F}.Debug|Any CPU.ActiveCfg = Debug|Any CPU
		{B2C3044C-F7B4-421F-BEB1-08B911FD329F}.Debug|Any CPU.Build.0 = Debug|Any CPU
		{B2C3044C-F7B4-421F-BEB1-08B911FD329F}.Release|Any CPU.ActiveCfg = Release|Any CPU
		{B2C3044C-F7B4-421F-BEB1-08B911FD329F}.Release|Any CPU.Build.0 = Release|Any CPU
		{225EE4D3-EAE0-4042-B62E-575D0A36BD68}.Debug|Any CPU.ActiveCfg = Debug|Any CPU
		{225EE4D3-EAE0-4042-B62E-575D0A36BD68}.Debug|Any CPU.Build.0 = Debug|Any CPU
		{225EE4D3-EAE0-4042-B62E-575D0A36BD68}.Release|Any CPU.ActiveCfg = Release|Any CPU
		{225EE4D3-EAE0-4042-B62E-575D0A36BD68}.Release|Any CPU.Build.0 = Release|Any CPU
		{29F2700B-C473-4F32-A250-036DA656037E}.Debug|Any CPU.ActiveCfg = Debug|Any CPU
		{29F2700B-C473-4F32-A250-036DA656037E}.Debug|Any CPU.Build.0 = Debug|Any CPU
		{29F2700B-C473-4F32-A250-036DA656037E}.Release|Any CPU.ActiveCfg = Release|Any CPU
		{29F2700B-C473-4F32-A250-036DA656037E}.Release|Any CPU.Build.0 = Release|Any CPU
	EndGlobalSection
	GlobalSection(SolutionProperties) = preSolution
		HideSolutionNode = FALSE
	EndGlobalSection
	GlobalSection(NestedProjects) = preSolution
		{59F9E014-889A-4FF6-97E9-7CD1551578AA} = {117297F3-7BD9-40C4-B62B-2E5DCC629503}
		{B2C3044C-F7B4-421F-BEB1-08B911FD329F} = {117297F3-7BD9-40C4-B62B-2E5DCC629503}
		{225EE4D3-EAE0-4042-B62E-575D0A36BD68} = {4733C3CD-54EC-4CED-AAEA-9EEC984CEB6A}
		{29F2700B-C473-4F32-A250-036DA656037E} = {2E0DD9D0-449E-42EE-9DBF-3F09F0C72439}
	EndGlobalSection
	GlobalSection(ExtensibilityGlobals) = postSolution
		SolutionGuid = {9D172AFB-8725-4EC2-B592-2BDA050E003F}
	EndGlobalSection
EndGlobal
